
Microsoft Visual Studio Solution File, Format Version 12.00
# Visual Studio Version 16
VisualStudioVersion = 16.0.29911.84
MinimumVisualStudioVersion = 10.0.40219.1
Project("{9A19103F-16F7-4668-BE54-9A1E7A4F7556}") = "Infrastructure", "Infrastructure\Infrastructure.csproj", "{158F2727-6F90-444F-8A5D-18DD68C4E494}"
EndProject
Project("{FAE04EC0-301F-11D3-BF4B-00C04F79EFBC}") = "Api", "Api\Api.csproj", "{4463FF2C-EC85-4B3E-9B14-0C216CF19884}"
EndProject
Project("{FAE04EC0-301F-11D3-BF4B-00C04F79EFBC}") = "ApplicationCore", "ApplicationCore\ApplicationCore.csproj", "{10853FC1-196C-47B3-9580-7FF103402956}"
EndProject
Project("{FAE04EC0-301F-11D3-BF4B-00C04F79EFBC}") = "Mobile", "Mobile\Mobile\Mobile.csproj", "{3C38E89C-75A4-40AD-A15B-110307DB416E}"
EndProject
Project("{FAE04EC0-301F-11D3-BF4B-00C04F79EFBC}") = "Mobile.Android", "Mobile\Mobile.Android\Mobile.Android.csproj", "{11E984AC-8F03-4DF3-AA19-47FDAA58AA4B}"
EndProject
Global
	GlobalSection(SolutionConfigurationPlatforms) = preSolution
		Debug|Any CPU = Debug|Any CPU
		Release|Any CPU = Release|Any CPU
	EndGlobalSection
	GlobalSection(ProjectConfigurationPlatforms) = postSolution
		{158F2727-6F90-444F-8A5D-18DD68C4E494}.Debug|Any CPU.ActiveCfg = Debug|Any CPU
		{158F2727-6F90-444F-8A5D-18DD68C4E494}.Debug|Any CPU.Build.0 = Debug|Any CPU
		{158F2727-6F90-444F-8A5D-18DD68C4E494}.Release|Any CPU.ActiveCfg = Release|Any CPU
		{158F2727-6F90-444F-8A5D-18DD68C4E494}.Release|Any CPU.Build.0 = Release|Any CPU
		{4463FF2C-EC85-4B3E-9B14-0C216CF19884}.Debug|Any CPU.ActiveCfg = Debug|Any CPU
		{4463FF2C-EC85-4B3E-9B14-0C216CF19884}.Debug|Any CPU.Build.0 = Debug|Any CPU
		{4463FF2C-EC85-4B3E-9B14-0C216CF19884}.Release|Any CPU.ActiveCfg = Release|Any CPU
		{4463FF2C-EC85-4B3E-9B14-0C216CF19884}.Release|Any CPU.Build.0 = Release|Any CPU
		{10853FC1-196C-47B3-9580-7FF103402956}.Debug|Any CPU.ActiveCfg = Debug|Any CPU
		{10853FC1-196C-47B3-9580-7FF103402956}.Debug|Any CPU.Build.0 = Debug|Any CPU
		{10853FC1-196C-47B3-9580-7FF103402956}.Release|Any CPU.ActiveCfg = Release|Any CPU
		{10853FC1-196C-47B3-9580-7FF103402956}.Release|Any CPU.Build.0 = Release|Any CPU
		{3C38E89C-75A4-40AD-A15B-110307DB416E}.Debug|Any CPU.ActiveCfg = Debug|Any CPU
		{3C38E89C-75A4-40AD-A15B-110307DB416E}.Debug|Any CPU.Build.0 = Debug|Any CPU
		{3C38E89C-75A4-40AD-A15B-110307DB416E}.Release|Any CPU.ActiveCfg = Release|Any CPU
		{3C38E89C-75A4-40AD-A15B-110307DB416E}.Release|Any CPU.Build.0 = Release|Any CPU
		{11E984AC-8F03-4DF3-AA19-47FDAA58AA4B}.Debug|Any CPU.ActiveCfg = Debug|Any CPU
		{11E984AC-8F03-4DF3-AA19-47FDAA58AA4B}.Debug|Any CPU.Build.0 = Debug|Any CPU
		{11E984AC-8F03-4DF3-AA19-47FDAA58AA4B}.Debug|Any CPU.Deploy.0 = Debug|Any CPU
		{11E984AC-8F03-4DF3-AA19-47FDAA58AA4B}.Release|Any CPU.ActiveCfg = Release|Any CPU
		{11E984AC-8F03-4DF3-AA19-47FDAA58AA4B}.Release|Any CPU.Build.0 = Release|Any CPU
		{11E984AC-8F03-4DF3-AA19-47FDAA58AA4B}.Release|Any CPU.Deploy.0 = Release|Any CPU
	EndGlobalSection
	GlobalSection(SolutionProperties) = preSolution
		HideSolutionNode = FALSE
	EndGlobalSection
	GlobalSection(ExtensibilityGlobals) = postSolution
		SolutionGuid = {A1A62F67-A095-41DB-B25F-58DA2ECA26F4}
	EndGlobalSection
EndGlobal
